// !$*UTF8*$!
{
	archiveVersion = 1;
	classes = {
	};
	objectVersion = 50;
	objects = {

/* Begin PBXBuildFile section */
		E5C7BCFE245E33360038E297 /* AppDelegate.swift in Sources */ = {isa = PBXBuildFile; fileRef = E5C7BCFD245E33360038E297 /* AppDelegate.swift */; };
		E5C7BD00245E33360038E297 /* SceneDelegate.swift in Sources */ = {isa = PBXBuildFile; fileRef = E5C7BCFF245E33360038E297 /* SceneDelegate.swift */; };
		E5C7BD02245E33360038E297 /* ViewController.swift in Sources */ = {isa = PBXBuildFile; fileRef = E5C7BD01245E33360038E297 /* ViewController.swift */; };
		E5C7BD05245E33360038E297 /* Main.storyboard in Resources */ = {isa = PBXBuildFile; fileRef = E5C7BD03245E33360038E297 /* Main.storyboard */; };
		E5C7BD07245E33370038E297 /* Assets.xcassets in Resources */ = {isa = PBXBuildFile; fileRef = E5C7BD06245E33370038E297 /* Assets.xcassets */; };
		E5C7BD0A245E33370038E297 /* LaunchScreen.storyboard in Resources */ = {isa = PBXBuildFile; fileRef = E5C7BD08245E33370038E297 /* LaunchScreen.storyboard */; };
		E5C7BD1C245E34580038E297 /* FirstViewController.swift in Sources */ = {isa = PBXBuildFile; fileRef = E5C7BD1B245E34580038E297 /* FirstViewController.swift */; };
		E5C7BD1E245E347B0038E297 /* FirstRouter.swift in Sources */ = {isa = PBXBuildFile; fileRef = E5C7BD1D245E347B0038E297 /* FirstRouter.swift */; };
		E5C7BD20245E34870038E297 /* FirstPresenter.swift in Sources */ = {isa = PBXBuildFile; fileRef = E5C7BD1F245E34870038E297 /* FirstPresenter.swift */; };
		E5C7BD22245E34950038E297 /* FirstInteractor.swift in Sources */ = {isa = PBXBuildFile; fileRef = E5C7BD21245E34950038E297 /* FirstInteractor.swift */; };
		E5C7BD24245E34A40038E297 /* FirstProtocols.swift in Sources */ = {isa = PBXBuildFile; fileRef = E5C7BD23245E34A40038E297 /* FirstProtocols.swift */; };
		E5C7BD26245E3B570038E297 /* FirstContentView.swift in Sources */ = {isa = PBXBuildFile; fileRef = E5C7BD25245E3B570038E297 /* FirstContentView.swift */; };
		E5C7BD28245E5F580038E297 /* FirstContentViewObservable.swift in Sources */ = {isa = PBXBuildFile; fileRef = E5C7BD27245E5F580038E297 /* FirstContentViewObservable.swift */; };
/* End PBXBuildFile section */

/* Begin PBXFileReference section */
		E5C7BCFA245E33360038E297 /* Test.app */ = {isa = PBXFileReference; explicitFileType = wrapper.application; includeInIndex = 0; path = Test.app; sourceTree = BUILT_PRODUCTS_DIR; };
		E5C7BCFD245E33360038E297 /* AppDelegate.swift */ = {isa = PBXFileReference; lastKnownFileType = sourcecode.swift; path = AppDelegate.swift; sourceTree = "<group>"; };
		E5C7BCFF245E33360038E297 /* SceneDelegate.swift */ = {isa = PBXFileReference; lastKnownFileType = sourcecode.swift; path = SceneDelegate.swift; sourceTree = "<group>"; };
		E5C7BD01245E33360038E297 /* ViewController.swift */ = {isa = PBXFileReference; lastKnownFileType = sourcecode.swift; path = ViewController.swift; sourceTree = "<group>"; };
		E5C7BD04245E33360038E297 /* Base */ = {isa = PBXFileReference; lastKnownFileType = file.storyboard; name = Base; path = Base.lproj/Main.storyboard; sourceTree = "<group>"; };
		E5C7BD06245E33370038E297 /* Assets.xcassets */ = {isa = PBXFileReference; lastKnownFileType = folder.assetcatalog; path = Assets.xcassets; sourceTree = "<group>"; };
		E5C7BD09245E33370038E297 /* Base */ = {isa = PBXFileReference; lastKnownFileType = file.storyboard; name = Base; path = Base.lproj/LaunchScreen.storyboard; sourceTree = "<group>"; };
		E5C7BD0B245E33370038E297 /* Info.plist */ = {isa = PBXFileReference; lastKnownFileType = text.plist.xml; path = Info.plist; sourceTree = "<group>"; };
		E5C7BD1B245E34580038E297 /* FirstViewController.swift */ = {isa = PBXFileReference; lastKnownFileType = sourcecode.swift; path = FirstViewController.swift; sourceTree = "<group>"; };
		E5C7BD1D245E347B0038E297 /* FirstRouter.swift */ = {isa = PBXFileReference; lastKnownFileType = sourcecode.swift; path = FirstRouter.swift; sourceTree = "<group>"; };
		E5C7BD1F245E34870038E297 /* FirstPresenter.swift */ = {isa = PBXFileReference; lastKnownFileType = sourcecode.swift; path = FirstPresenter.swift; sourceTree = "<group>"; };
		E5C7BD21245E34950038E297 /* FirstInteractor.swift */ = {isa = PBXFileReference; lastKnownFileType = sourcecode.swift; path = FirstInteractor.swift; sourceTree = "<group>"; };
		E5C7BD23245E34A40038E297 /* FirstProtocols.swift */ = {isa = PBXFileReference; lastKnownFileType = sourcecode.swift; path = FirstProtocols.swift; sourceTree = "<group>"; };
		E5C7BD25245E3B570038E297 /* FirstContentView.swift */ = {isa = PBXFileReference; lastKnownFileType = sourcecode.swift; path = FirstContentView.swift; sourceTree = "<group>"; };
		E5C7BD27245E5F580038E297 /* FirstContentViewObservable.swift */ = {isa = PBXFileReference; lastKnownFileType = sourcecode.swift; path = FirstContentViewObservable.swift; sourceTree = "<group>"; };
/* End PBXFileReference section */

/* Begin PBXFrameworksBuildPhase section */
		E5C7BCF7245E33350038E297 /* Frameworks */ = {
			isa = PBXFrameworksBuildPhase;
			buildActionMask = 2147483647;
			files = (
			);
			runOnlyForDeploymentPostprocessing = 0;
		};
/* End PBXFrameworksBuildPhase section */

/* Begin PBXGroup section */
		E5C7BCF1245E33350038E297 = {
			isa = PBXGroup;
			children = (
				E5C7BCFC245E33360038E297 /* Test */,
				E5C7BCFB245E33360038E297 /* Products */,
			);
			sourceTree = "<group>";
		};
		E5C7BCFB245E33360038E297 /* Products */ = {
			isa = PBXGroup;
			children = (
				E5C7BCFA245E33360038E297 /* Test.app */,
			);
			name = Products;
			sourceTree = "<group>";
		};
		E5C7BCFC245E33360038E297 /* Test */ = {
			isa = PBXGroup;
			children = (
				E5C7BD11245E33A00038E297 /* Modules */,
				E5C7BCFD245E33360038E297 /* AppDelegate.swift */,
				E5C7BCFF245E33360038E297 /* SceneDelegate.swift */,
				E5C7BD01245E33360038E297 /* ViewController.swift */,
				E5C7BD03245E33360038E297 /* Main.storyboard */,
				E5C7BD06245E33370038E297 /* Assets.xcassets */,
				E5C7BD08245E33370038E297 /* LaunchScreen.storyboard */,
				E5C7BD0B245E33370038E297 /* Info.plist */,
			);
			path = Test;
			sourceTree = "<group>";
		};
		E5C7BD11245E33A00038E297 /* Modules */ = {
			isa = PBXGroup;
			children = (
				E5C7BD12245E33B00038E297 /* First */,
			);
			path = Modules;
			sourceTree = "<group>";
		};
		E5C7BD12245E33B00038E297 /* First */ = {
			isa = PBXGroup;
			children = (
				E5C7BD18245E34140038E297 /* Entity */,
				E5C7BD15245E33F70038E297 /* Interactor */,
				E5C7BD14245E33ED0038E297 /* Presenter */,
				E5C7BD17245E340E0038E297 /* Protocols */,
				E5C7BD16245E34000038E297 /* Router */,
				E5C7BD13245E33E70038E297 /* View */,
			);
			path = First;
			sourceTree = "<group>";
		};
		E5C7BD13245E33E70038E297 /* View */ = {
			isa = PBXGroup;
			children = (
				E5C7BD1B245E34580038E297 /* FirstViewController.swift */,
				E5C7BD25245E3B570038E297 /* FirstContentView.swift */,
			);
			path = View;
			sourceTree = "<group>";
		};
		E5C7BD14245E33ED0038E297 /* Presenter */ = {
			isa = PBXGroup;
			children = (
				E5C7BD1F245E34870038E297 /* FirstPresenter.swift */,
			);
			path = Presenter;
			sourceTree = "<group>";
		};
		E5C7BD15245E33F70038E297 /* Interactor */ = {
			isa = PBXGroup;
			children = (
				E5C7BD21245E34950038E297 /* FirstInteractor.swift */,
			);
			path = Interactor;
			sourceTree = "<group>";
		};
		E5C7BD16245E34000038E297 /* Router */ = {
			isa = PBXGroup;
			children = (
				E5C7BD1D245E347B0038E297 /* FirstRouter.swift */,
			);
			path = Router;
			sourceTree = "<group>";
		};
		E5C7BD17245E340E0038E297 /* Protocols */ = {
			isa = PBXGroup;
			children = (
				E5C7BD23245E34A40038E297 /* FirstProtocols.swift */,
			);
			path = Protocols;
			sourceTree = "<group>";
		};
		E5C7BD18245E34140038E297 /* Entity */ = {
			isa = PBXGroup;
			children = (
				E5C7BD27245E5F580038E297 /* FirstContentViewObservable.swift */,
			);
			path = Entity;
			sourceTree = "<group>";
		};
/* End PBXGroup section */

/* Begin PBXNativeTarget section */
		E5C7BCF9245E33350038E297 /* Test */ = {
			isa = PBXNativeTarget;
			buildConfigurationList = E5C7BD0E245E33370038E297 /* Build configuration list for PBXNativeTarget "Test" */;
			buildPhases = (
				E5C7BCF6245E33350038E297 /* Sources */,
				E5C7BCF7245E33350038E297 /* Frameworks */,
				E5C7BCF8245E33350038E297 /* Resources */,
			);
			buildRules = (
			);
			dependencies = (
			);
			name = Test;
			productName = Test;
			productReference = E5C7BCFA245E33360038E297 /* Test.app */;
			productType = "com.apple.product-type.application";
		};
/* End PBXNativeTarget section */

/* Begin PBXProject section */
		E5C7BCF2245E33350038E297 /* Project object */ = {
			isa = PBXProject;
			attributes = {
				LastSwiftUpdateCheck = 1140;
				LastUpgradeCheck = 1140;
				ORGANIZATIONNAME = "Pedro Ramos";
				TargetAttributes = {
					E5C7BCF9245E33350038E297 = {
						CreatedOnToolsVersion = 11.4.1;
					};
				};
			};
			buildConfigurationList = E5C7BCF5245E33350038E297 /* Build configuration list for PBXProject "Test" */;
			compatibilityVersion = "Xcode 9.3";
			developmentRegion = en;
			hasScannedForEncodings = 0;
			knownRegions = (
				en,
				Base,
			);
			mainGroup = E5C7BCF1245E33350038E297;
			productRefGroup = E5C7BCFB245E33360038E297 /* Products */;
			projectDirPath = "";
			projectRoot = "";
			targets = (
				E5C7BCF9245E33350038E297 /* Test */,
			);
		};
/* End PBXProject section */

/* Begin PBXResourcesBuildPhase section */
		E5C7BCF8245E33350038E297 /* Resources */ = {
			isa = PBXResourcesBuildPhase;
			buildActionMask = 2147483647;
			files = (
				E5C7BD0A245E33370038E297 /* LaunchScreen.storyboard in Resources */,
				E5C7BD07245E33370038E297 /* Assets.xcassets in Resources */,
				E5C7BD05245E33360038E297 /* Main.storyboard in Resources */,
			);
			runOnlyForDeploymentPostprocessing = 0;
		};
/* End PBXResourcesBuildPhase section */

/* Begin PBXSourcesBuildPhase section */
		E5C7BCF6245E33350038E297 /* Sources */ = {
			isa = PBXSourcesBuildPhase;
			buildActionMask = 2147483647;
			files = (
				E5C7BD02245E33360038E297 /* ViewController.swift in Sources */,
				E5C7BCFE245E33360038E297 /* AppDelegate.swift in Sources */,
				E5C7BD22245E34950038E297 /* FirstInteractor.swift in Sources */,
				E5C7BD26245E3B570038E297 /* FirstContentView.swift in Sources */,
				E5C7BD00245E33360038E297 /* SceneDelegate.swift in Sources */,
				E5C7BD24245E34A40038E297 /* FirstProtocols.swift in Sources */,
				E5C7BD28245E5F580038E297 /* FirstContentViewObservable.swift in Sources */,
				E5C7BD20245E34870038E297 /* FirstPresenter.swift in Sources */,
				E5C7BD1E245E347B0038E297 /* FirstRouter.swift in Sources */,
				E5C7BD1C245E34580038E297 /* FirstViewController.swift in Sources */,
			);
			runOnlyForDeploymentPostprocessing = 0;
		};
/* End PBXSourcesBuildPhase section */

/* Begin PBXVariantGroup section */
		E5C7BD03245E33360038E297 /* Main.storyboard */ = {
			isa = PBXVariantGroup;
			children = (
				E5C7BD04245E33360038E297 /* Base */,
			);
			name = Main.storyboard;
			sourceTree = "<group>";
		};
		E5C7BD08245E33370038E297 /* LaunchScreen.storyboard */ = {
			isa = PBXVariantGroup;
			children = (
				E5C7BD09245E33370038E297 /* Base */,
			);
			name = LaunchScreen.storyboard;
			sourceTree = "<group>";
		};
/* End PBXVariantGroup section */

/* Begin XCBuildConfiguration section */
		E5C7BD0C245E33370038E297 /* Debug */ = {
			isa = XCBuildConfiguration;
			buildSettings = {
				ALWAYS_SEARCH_USER_PATHS = NO;
				CLANG_ANALYZER_NONNULL = YES;
				CLANG_ANALYZER_NUMBER_OBJECT_CONVERSION = YES_AGGRESSIVE;
				CLANG_CXX_LANGUAGE_STANDARD = "gnu++14";
				CLANG_CXX_LIBRARY = "libc++";
				CLANG_ENABLE_MODULES = YES;
				CLANG_ENABLE_OBJC_ARC = YES;
				CLANG_ENABLE_OBJC_WEAK = YES;
				CLANG_WARN_BLOCK_CAPTURE_AUTORELEASING = YES;
				CLANG_WARN_BOOL_CONVERSION = YES;
				CLANG_WARN_COMMA = YES;
				CLANG_WARN_CONSTANT_CONVERSION = YES;
				CLANG_WARN_DEPRECATED_OBJC_IMPLEMENTATIONS = YES;
				CLANG_WARN_DIRECT_OBJC_ISA_USAGE = YES_ERROR;
				CLANG_WARN_DOCUMENTATION_COMMENTS = YES;
				CLANG_WARN_EMPTY_BODY = YES;
				CLANG_WARN_ENUM_CONVERSION = YES;
				CLANG_WARN_INFINITE_RECURSION = YES;
				CLANG_WARN_INT_CONVERSION = YES;
				CLANG_WARN_NON_LITERAL_NULL_CONVERSION = YES;
				CLANG_WARN_OBJC_IMPLICIT_RETAIN_SELF = YES;
				CLANG_WARN_OBJC_LITERAL_CONVERSION = YES;
				CLANG_WARN_OBJC_ROOT_CLASS = YES_ERROR;
				CLANG_WARN_RANGE_LOOP_ANALYSIS = YES;
				CLANG_WARN_STRICT_PROTOTYPES = YES;
				CLANG_WARN_SUSPICIOUS_MOVE = YES;
				CLANG_WARN_UNGUARDED_AVAILABILITY = YES_AGGRESSIVE;
				CLANG_WARN_UNREACHABLE_CODE = YES;
				CLANG_WARN__DUPLICATE_METHOD_MATCH = YES;
				COPY_PHASE_STRIP = NO;
				DEBUG_INFORMATION_FORMAT = dwarf;
				ENABLE_STRICT_OBJC_MSGSEND = YES;
				ENABLE_TESTABILITY = YES;
				GCC_C_LANGUAGE_STANDARD = gnu11;
				GCC_DYNAMIC_NO_PIC = NO;
				GCC_NO_COMMON_BLOCKS = YES;
				GCC_OPTIMIZATION_LEVEL = 0;
				GCC_PREPROCESSOR_DEFINITIONS = (
					"DEBUG=1",
					"$(inherited)",
				);
				GCC_WARN_64_TO_32_BIT_CONVERSION = YES;
				GCC_WARN_ABOUT_RETURN_TYPE = YES_ERROR;
				GCC_WARN_UNDECLARED_SELECTOR = YES;
				GCC_WARN_UNINITIALIZED_AUTOS = YES_AGGRESSIVE;
				GCC_WARN_UNUSED_FUNCTION = YES;
				GCC_WARN_UNUSED_VARIABLE = YES;
				IPHONEOS_DEPLOYMENT_TARGET = 13.4;
				MTL_ENABLE_DEBUG_INFO = INCLUDE_SOURCE;
				MTL_FAST_MATH = YES;
				ONLY_ACTIVE_ARCH = YES;
				SDKROOT = iphoneos;
				SWIFT_ACTIVE_COMPILATION_CONDITIONS = DEBUG;
				SWIFT_OPTIMIZATION_LEVEL = "-Onone";
			};
			name = Debug;
		};
		E5C7BD0D245E33370038E297 /* Release */ = {
			isa = XCBuildConfiguration;
			buildSettings = {
				ALWAYS_SEARCH_USER_PATHS = NO;
				CLANG_ANALYZER_NONNULL = YES;
				CLANG_ANALYZER_NUMBER_OBJECT_CONVERSION = YES_AGGRESSIVE;
				CLANG_CXX_LANGUAGE_STANDARD = "gnu++14";
				CLANG_CXX_LIBRARY = "libc++";
				CLANG_ENABLE_MODULES = YES;
				CLANG_ENABLE_OBJC_ARC = YES;
				CLANG_ENABLE_OBJC_WEAK = YES;
				CLANG_WARN_BLOCK_CAPTURE_AUTORELEASING = YES;
				CLANG_WARN_BOOL_CONVERSION = YES;
				CLANG_WARN_COMMA = YES;
				CLANG_WARN_CONSTANT_CONVERSION = YES;
				CLANG_WARN_DEPRECATED_OBJC_IMPLEMENTATIONS = YES;
				CLANG_WARN_DIRECT_OBJC_ISA_USAGE = YES_ERROR;
				CLANG_WARN_DOCUMENTATION_COMMENTS = YES;
				CLANG_WARN_EMPTY_BODY = YES;
				CLANG_WARN_ENUM_CONVERSION = YES;
				CLANG_WARN_INFINITE_RECURSION = YES;
				CLANG_WARN_INT_CONVERSION = YES;
				CLANG_WARN_NON_LITERAL_NULL_CONVERSION = YES;
				CLANG_WARN_OBJC_IMPLICIT_RETAIN_SELF = YES;
				CLANG_WARN_OBJC_LITERAL_CONVERSION = YES;
				CLANG_WARN_OBJC_ROOT_CLASS = YES_ERROR;
				CLANG_WARN_RANGE_LOOP_ANALYSIS = YES;
				CLANG_WARN_STRICT_PROTOTYPES = YES;
				CLANG_WARN_SUSPICIOUS_MOVE = YES;
				CLANG_WARN_UNGUARDED_AVAILABILITY = YES_AGGRESSIVE;
				CLANG_WARN_UNREACHABLE_CODE = YES;
				CLANG_WARN__DUPLICATE_METHOD_MATCH = YES;
				COPY_PHASE_STRIP = NO;
				DEBUG_INFORMATION_FORMAT = "dwarf-with-dsym";
				ENABLE_NS_ASSERTIONS = NO;
				ENABLE_STRICT_OBJC_MSGSEND = YES;
				GCC_C_LANGUAGE_STANDARD = gnu11;
				GCC_NO_COMMON_BLOCKS = YES;
				GCC_WARN_64_TO_32_BIT_CONVERSION = YES;
				GCC_WARN_ABOUT_RETURN_TYPE = YES_ERROR;
				GCC_WARN_UNDECLARED_SELECTOR = YES;
				GCC_WARN_UNINITIALIZED_AUTOS = YES_AGGRESSIVE;
				GCC_WARN_UNUSED_FUNCTION = YES;
				GCC_WARN_UNUSED_VARIABLE = YES;
				IPHONEOS_DEPLOYMENT_TARGET = 13.4;
				MTL_ENABLE_DEBUG_INFO = NO;
				MTL_FAST_MATH = YES;
				SDKROOT = iphoneos;
				SWIFT_COMPILATION_MODE = wholemodule;
				SWIFT_OPTIMIZATION_LEVEL = "-O";
				VALIDATE_PRODUCT = YES;
			};
			name = Release;
		};
		E5C7BD0F245E33370038E297 /* Debug */ = {
			isa = XCBuildConfiguration;
			buildSettings = {
				ASSETCATALOG_COMPILER_APPICON_NAME = AppIcon;
				CODE_SIGN_STYLE = Automatic;
				DEVELOPMENT_TEAM = 34Z652334Z;
				INFOPLIST_FILE = Test/Info.plist;
				LD_RUNPATH_SEARCH_PATHS = (
					"$(inherited)",
					"@executable_path/Frameworks",
				);
				PRODUCT_BUNDLE_IDENTIFIER = test.pdramoss.Test;
				PRODUCT_NAME = "$(TARGET_NAME)";
				SWIFT_VERSION = 5.0;
				TARGETED_DEVICE_FAMILY = "1,2";
			};
			name = Debug;
		};
		E5C7BD10245E33370038E297 /* Release */ = {
			isa = XCBuildConfiguration;
			buildSettings = {
				ASSETCATALOG_COMPILER_APPICON_NAME = AppIcon;
				CODE_SIGN_STYLE = Automatic;
				DEVELOPMENT_TEAM = 34Z652334Z;
				INFOPLIST_FILE = Test/Info.plist;
				LD_RUNPATH_SEARCH_PATHS = (
					"$(inherited)",
					"@executable_path/Frameworks",
				);
				PRODUCT_BUNDLE_IDENTIFIER = test.pdramoss.Test;
				PRODUCT_NAME = "$(TARGET_NAME)";
				SWIFT_VERSION = 5.0;
				TARGETED_DEVICE_FAMILY = "1,2";
			};
			name = Release;
		};
/* End XCBuildConfiguration section */

/* Begin XCConfigurationList section */
		E5C7BCF5245E33350038E297 /* Build configuration list for PBXProject "Test" */ = {
			isa = XCConfigurationList;
			buildConfigurations = (
				E5C7BD0C245E33370038E297 /* Debug */,
				E5C7BD0D245E33370038E297 /* Release */,
			);
			defaultConfigurationIsVisible = 0;
			defaultConfigurationName = Release;
		};
		E5C7BD0E245E33370038E297 /* Build configuration list for PBXNativeTarget "Test" */ = {
			isa = XCConfigurationList;
			buildConfigurations = (
				E5C7BD0F245E33370038E297 /* Debug */,
				E5C7BD10245E33370038E297 /* Release */,
			);
			defaultConfigurationIsVisible = 0;
			defaultConfigurationName = Release;
		};
/* End XCConfigurationList section */
	};
	rootObject = E5C7BCF2245E33350038E297 /* Project object */;
}
